
Microsoft Visual Studio Solution File, Format Version 12.00
# Visual Studio Version 16
VisualStudioVersion = 16.0.29806.167
MinimumVisualStudioVersion = 10.0.40219.1
Project("{FAE04EC0-301F-11D3-BF4B-00C04F79EFBC}") = "LoadAndSave", "LoadAndSave\LoadAndSave.csproj", "{E991B249-BBFD-408D-875F-448EEBF33F44}"
EndProject
Global
	GlobalSection(SolutionConfigurationPlatforms) = preSolution
		Debug|Any CPU = Debug|Any CPU
		Release|Any CPU = Release|Any CPU
	EndGlobalSection
	GlobalSection(ProjectConfigurationPlatforms) = postSolution
		{E991B249-BBFD-408D-875F-448EEBF33F44}.Debug|Any CPU.ActiveCfg = Debug|Any CPU
		{E991B249-BBFD-408D-875F-448EEBF33F44}.Debug|Any CPU.Build.0 = Debug|Any CPU
		{E991B249-BBFD-408D-875F-448EEBF33F44}.Release|Any CPU.ActiveCfg = Release|Any CPU
		{E991B249-BBFD-408D-875F-448EEBF33F44}.Release|Any CPU.Build.0 = Release|Any CPU
	EndGlobalSection
	GlobalSection(SolutionProperties) = preSolution
		HideSolutionNode = FALSE
	EndGlobalSection
	GlobalSection(ExtensibilityGlobals) = postSolution
		SolutionGuid = {F043DDAD-E33E-4FBB-9363-998931EF29F7}
	EndGlobalSection
EndGlobal
